<?xml version="1.0" encoding="utf-8"?>
<Project ToolsVersion="4.0" xmlns="http://schemas.microsoft.com/developer/msbuild/2003">
  <ItemGroup>
    <Filter Include="源文件">
      <UniqueIdentifier>{4FC737F1-C7A5-4376-A066-2A32D752A2FF}</UniqueIdentifier>
      <Extensions>cpp;c;cc;cxx;def;odl;idl;hpj;bat;asm;asmx</Extensions>
    </Filter>
    <Filter Include="头文件">
      <UniqueIdentifier>{93995380-89BD-4b04-88EB-625FBE52EBFB}</UniqueIdentifier>
      <Extensions>h;hh;hpp;hxx;hm;inl;inc;ipp;xsd</Extensions>
    </Filter>
    <Filter Include="资源文件">
      <UniqueIdentifier>{67DA6AB6-F800-4c08-8B7A-83BB121AAD01}</UniqueIdentifier>
      <Extensions>rc;ico;cur;bmp;dlg;rc2;rct;bin;rgs;gif;jpg;jpeg;jpe;resx;tiff;tif;png;wav;mfcribbon-ms</Extensions>
    </Filter>
  </ItemGroup>
  <ItemGroup>
    <ClInclude Include="stdafx.h">
      <Filter>头文件</Filter>
    </ClInclude>
    <ClInclude Include="targetver.h">
      <Filter>头文件</Filter>
    </ClInclude>
    <ClInclude Include="include\atomdictbase.h">
      <Filter>头文件</Filter>
    </ClInclude>
    <ClInclude Include="include\dictbuilder.h">
      <Filter>头文件</Filter>
    </ClInclude>
    <ClInclude Include="include\dictdef.h">
      <Filter>头文件</Filter>
    </ClInclude>
    <ClInclude Include="include\dictlist.h">
      <Filter>头文件</Filter>
    </ClInclude>
    <ClInclude Include="include\dicttrie.h">
      <Filter>头文件</Filter>
    </ClInclude>
    <ClInclude Include="include\lpicache.h">
      <Filter>头文件</Filter>
    </ClInclude>
    <ClInclude Include="include\matrixsearch.h">
      <Filter>头文件</Filter>
    </ClInclude>
    <ClInclude Include="include\mystdlib.h">
      <Filter>头文件</Filter>
    </ClInclude>
    <ClInclude Include="include\ngram.h">
      <Filter>头文件</Filter>
    </ClInclude>
    <ClInclude Include="include\pinyinime.h">
      <Filter>头文件</Filter>
    </ClInclude>
    <ClInclude Include="include\searchutility.h">
      <Filter>头文件</Filter>
    </ClInclude>
    <ClInclude Include="include\spellingtable.h">
      <Filter>头文件</Filter>
    </ClInclude>
    <ClInclude Include="include\spellingtrie.h">
      <Filter>头文件</Filter>
    </ClInclude>
    <ClInclude Include="include\splparser.h">
      <Filter>头文件</Filter>
    </ClInclude>
    <ClInclude Include="include\sync.h">
      <Filter>头文件</Filter>
    </ClInclude>
    <ClInclude Include="include\userdict.h">
      <Filter>头文件</Filter>
    </ClInclude>
    <ClInclude Include="include\utf16char.h">
      <Filter>头文件</Filter>
    </ClInclude>
    <ClInclude Include="include\utf16reader.h">
      <Filter>头文件</Filter>
    </ClInclude>
    <ClInclude Include="exportApi.h">
      <Filter>头文件</Filter>
    </ClInclude>
  </ItemGroup>
  <ItemGroup>
    <ClCompile Include="stdafx.cpp">
      <Filter>源文件</Filter>
    </ClCompile>
    <ClCompile Include="pinyininput.cpp">
      <Filter>源文件</Filter>
    </ClCompile>
    <ClCompile Include="dllmain.cpp">
      <Filter>源文件</Filter>
    </ClCompile>
    <ClCompile Include="src\dictbuilder.cpp">
      <Filter>源文件</Filter>
    </ClCompile>
    <ClCompile Include="src\dictlist.cpp">
      <Filter>源文件</Filter>
    </ClCompile>
    <ClCompile Include="src\dicttrie.cpp">
      <Filter>源文件</Filter>
    </ClCompile>
    <ClCompile Include="src\lpicache.cpp">
      <Filter>源文件</Filter>
    </ClCompile>
    <ClCompile Include="src\matrixsearch.cpp">
      <Filter>源文件</Filter>
    </ClCompile>
    <ClCompile Include="src\mystdlib.cpp">
      <Filter>源文件</Filter>
    </ClCompile>
    <ClCompile Include="src\ngram.cpp">
      <Filter>源文件</Filter>
    </ClCompile>
    <ClCompile Include="src\pinyinime.cpp">
      <Filter>源文件</Filter>
    </ClCompile>
    <ClCompile Include="src\searchutility.cpp">
      <Filter>源文件</Filter>
    </ClCompile>
    <ClCompile Include="src\spellingtable.cpp">
      <Filter>源文件</Filter>
    </ClCompile>
    <ClCompile Include="src\spellingtrie.cpp">
      <Filter>源文件</Filter>
    </ClCompile>
    <ClCompile Include="src\splparser.cpp">
      <Filter>源文件</Filter>
    </ClCompile>
    <ClCompile Include="src\sync.cpp">
      <Filter>源文件</Filter>
    </ClCompile>
    <ClCompile Include="src\userdict.cpp">
      <Filter>源文件</Filter>
    </ClCompile>
    <ClCompile Include="src\utf16char.cpp">
      <Filter>源文件</Filter>
    </ClCompile>
    <ClCompile Include="src\utf16reader.cpp">
      <Filter>源文件</Filter>
    </ClCompile>
    <ClCompile Include="exportApi.cpp">
      <Filter>源文件</Filter>
    </ClCompile>
  </ItemGroup>
  <ItemGroup>
    <Text Include="include\CMakeLists.txt" />
    <Text Include="src\CMakeLists.txt" />
  </ItemGroup>
</Project>